
Microsoft Visual Studio Solution File, Format Version 11.00
# Visual Studio 2010
Project("{FAE04EC0-301F-11D3-BF4B-00C04F79EFBC}") = "The Nightmare (BackUp)", "Assembly-CSharp.csproj", "{958C081A-AB4B-B5B5-11EA-9A8767BCFFF3}"
EndProject
Project("{FAE04EC0-301F-11D3-BF4B-00C04F79EFBC}") = "The Nightmare (BackUp)", "Assembly-CSharp-firstpass.csproj", "{E0C6788D-7C31-C63B-0DBF-A58E535CA079}"
EndProject
Global
	GlobalSection(SolutionConfigurationPlatforms) = preSolution
		Debug|Any CPU = Debug|Any CPU
		Release|Any CPU = Release|Any CPU
	EndGlobalSection
	GlobalSection(ProjectConfigurationPlatforms) = postSolution
		{958C081A-AB4B-B5B5-11EA-9A8767BCFFF3}.Debug|Any CPU.ActiveCfg = Debug|Any CPU
		{958C081A-AB4B-B5B5-11EA-9A8767BCFFF3}.Debug|Any CPU.Build.0 = Debug|Any CPU
		{958C081A-AB4B-B5B5-11EA-9A8767BCFFF3}.Release|Any CPU.ActiveCfg = Release|Any CPU
		{958C081A-AB4B-B5B5-11EA-9A8767BCFFF3}.Release|Any CPU.Build.0 = Release|Any CPU
		{E0C6788D-7C31-C63B-0DBF-A58E535CA079}.Debug|Any CPU.ActiveCfg = Debug|Any CPU
		{E0C6788D-7C31-C63B-0DBF-A58E535CA079}.Debug|Any CPU.Build.0 = Debug|Any CPU
		{E0C6788D-7C31-C63B-0DBF-A58E535CA079}.Release|Any CPU.ActiveCfg = Release|Any CPU
		{E0C6788D-7C31-C63B-0DBF-A58E535CA079}.Release|Any CPU.Build.0 = Release|Any CPU
	EndGlobalSection
	GlobalSection(SolutionProperties) = preSolution
		HideSolutionNode = FALSE
	EndGlobalSection
	GlobalSection(MonoDevelopProperties) = preSolution
		StartupItem = Assembly-CSharp.csproj
	EndGlobalSection
EndGlobal
